PODS:
  - ByteowlsCapacitorOauth2 (4.0.2):
    - Capacitor
    - OAuthSwift (= 2.2.0)
  - Capacitor (5.0.3):
    - CapacitorCordova
  - CapacitorCordova (5.0.3)
  - CapacitorDevice (5.0.4):
    - Capacitor
  - OAuthSwift (2.2.0)
  - PolytlkEchoPlugin (0.0.10):
    - Capacitor

DEPENDENCIES:
  - "ByteowlsCapacitorOauth2 (from `../../../../node_modules/.pnpm/@byteowls+capacitor-oauth2@4.0.2_@capacitor+core@5.0.3/node_modules/@byteowls/capacitor-oauth2`)"
  - "Capacitor (from `../../../../node_modules/.pnpm/@capacitor+ios@5.0.3_@capacitor+core@5.0.3/node_modules/@capacitor/ios`)"
  - "CapacitorCordova (from `../../../../node_modules/.pnpm/@capacitor+ios@5.0.3_@capacitor+core@5.0.3/node_modules/@capacitor/ios`)"
  - "CapacitorDevice (from `../../../../node_modules/.pnpm/@capacitor+device@5.0.4_@capacitor+core@5.0.3/node_modules/@capacitor/device`)"
  - "PolytlkEchoPlugin (from `../../../../node_modules/.pnpm/@polytlk+echo-plugin@0.0.10_@capacitor+core@5.0.3/node_modules/@polytlk/echo-plugin`)"

SPEC REPOS:
  trunk:
    - OAuthSwift

EXTERNAL SOURCES:
  ByteowlsCapacitorOauth2:
    :path: "../../../../node_modules/.pnpm/@byteowls+capacitor-oauth2@4.0.2_@capacitor+core@5.0.3/node_modules/@byteowls/capacitor-oauth2"
  Capacitor:
    :path: "../../../../node_modules/.pnpm/@capacitor+ios@5.0.3_@capacitor+core@5.0.3/node_modules/@capacitor/ios"
  CapacitorCordova:
    :path: "../../../../node_modules/.pnpm/@capacitor+ios@5.0.3_@capacitor+core@5.0.3/node_modules/@capacitor/ios"
  CapacitorDevice:
    :path: "../../../../node_modules/.pnpm/@capacitor+device@5.0.4_@capacitor+core@5.0.3/node_modules/@capacitor/device"
  PolytlkEchoPlugin:
    :path: "../../../../node_modules/.pnpm/@polytlk+echo-plugin@0.0.10_@capacitor+core@5.0.3/node_modules/@polytlk/echo-plugin"

SPEC CHECKSUMS:
  ByteowlsCapacitorOauth2: 86f9a61aa413119226b12aabc5d03f185e9e1d28
  Capacitor: 304a960e431f9e6f78556554ca71c41c1b2b9680
  CapacitorCordova: def732a63679698df6fb392bbe6d269a0b61e937
  CapacitorDevice: eb4b5e3b42ac35d2527f20aad296b59e0785dc8d
  OAuthSwift: 75efbb5bd9a4b2b71a37bd7e986bf3f55ddd54c6
  PolytlkEchoPlugin: 0971fdc04becedb22589d54d960dc39312b2707c

PODFILE CHECKSUM: 4b190205d92af491a35d48a2b8b147cc789bdbd2

COCOAPODS: 1.12.1
